<?xml version="1.0" encoding="utf-8"?>
<Project ToolsVersion="4.0" xmlns="http://schemas.microsoft.com/developer/msbuild/2003">
  <ItemGroup>
    <Filter Include="Quelldateien">
      <UniqueIdentifier>{4FC737F1-C7A5-4376-A066-2A32D752A2FF}</UniqueIdentifier>
      <Extensions>cpp;c;cc;cxx;def;odl;idl;hpj;bat;asm;asmx</Extensions>
    </Filter>
    <Filter Include="Headerdateien">
      <UniqueIdentifier>{93995380-89BD-4b04-88EB-625FBE52EBFB}</UniqueIdentifier>
      <Extensions>h;hh;hpp;hxx;hm;inl;inc;xsd</Extensions>
    </Filter>
    <Filter Include="Ressourcendateien">
      <UniqueIdentifier>{67DA6AB6-F800-4c08-8B7A-83BB121AAD01}</UniqueIdentifier>
      <Extensions>rc;ico;cur;bmp;dlg;rc2;rct;bin;rgs;gif;jpg;jpeg;jpe;resx;tiff;tif;png;wav;mfcribbon-ms</Extensions>
    </Filter>
  </ItemGroup>
  <ItemGroup>
    <ClCompile Include="ldntvdm.c">
      <Filter>Quelldateien</Filter>
    </ClCompile>
    <ClCompile Include="csrsswrap.c">
      <Filter>Quelldateien</Filter>
    </ClCompile>
    <ClCompile Include="injector32.c">
      <Filter>Quelldateien</Filter>
    </ClCompile>
    <ClCompile Include="iathook.c">
      <Filter>Quelldateien</Filter>
    </ClCompile>
    <ClCompile Include="injector64.c">
      <Filter>Quelldateien</Filter>
    </ClCompile>
    <ClCompile Include="symeng.c">
      <Filter>Quelldateien</Filter>
    </ClCompile>
    <ClCompile Include="wow64inj.c">
      <Filter>Quelldateien</Filter>
    </ClCompile>
    <ClCompile Include="wow64ext.c">
      <Filter>Quelldateien</Filter>
    </ClCompile>
    <ClCompile Include="detour.c">
      <Filter>Quelldateien</Filter>
    </ClCompile>
    <ClCompile Include="consbmp.c">
      <Filter>Quelldateien</Filter>
    </ClCompile>
    <ClCompile Include="appcert.c">
      <Filter>Quelldateien</Filter>
    </ClCompile>
    <ClCompile Include="reg.c">
      <Filter>Quelldateien</Filter>
    </ClCompile>
    <ClCompile Include="extract.c">
      <Filter>Quelldateien</Filter>
    </ClCompile>
    <ClCompile Include="extracticon.c">
      <Filter>Quelldateien</Filter>
    </ClCompile>
    <ClCompile Include="consbmpbug.c">
      <Filter>Quelldateien</Filter>
    </ClCompile>
    <ClCompile Include="conspal.c">
      <Filter>Quelldateien</Filter>
    </ClCompile>
    <ClCompile Include="symcache.c">
      <Filter>Quelldateien</Filter>
    </ClCompile>
    <ClCompile Include="createproc.c">
      <Filter>Quelldateien</Filter>
    </ClCompile>
    <ClCompile Include="winevent.c">
      <Filter>Quelldateien</Filter>
    </ClCompile>
    <ClCompile Include="xpwrap.c">
      <Filter>Quelldateien</Filter>
    </ClCompile>
    <ClCompile Include="conhostproc.c">
      <Filter>Quelldateien</Filter>
    </ClCompile>
    <ClCompile Include="basevdm.c">
      <Filter>Quelldateien</Filter>
    </ClCompile>
    <ClCompile Include="xpcreateproc.c">
      <Filter>Quelldateien</Filter>
    </ClCompile>
    <ClCompile Include="consbmpxpbug.c">
      <Filter>Quelldateien</Filter>
    </ClCompile>
  </ItemGroup>
  <ItemGroup>
    <ClInclude Include="basemsg64.h">
      <Filter>Headerdateien</Filter>
    </ClInclude>
    <ClInclude Include="csrsswrap.h">
      <Filter>Headerdateien</Filter>
    </ClInclude>
    <ClInclude Include="injector32.h">
      <Filter>Headerdateien</Filter>
    </ClInclude>
    <ClInclude Include="ldntvdm.h">
      <Filter>Headerdateien</Filter>
    </ClInclude>
    <ClInclude Include="iathook.h">
      <Filter>Headerdateien</Filter>
    </ClInclude>
    <ClInclude Include="injector64.h">
      <Filter>Headerdateien</Filter>
    </ClInclude>
    <ClInclude Include="symeng.h">
      <Filter>Headerdateien</Filter>
    </ClInclude>
    <ClInclude Include="basevdm.h">
      <Filter>Headerdateien</Filter>
    </ClInclude>
    <ClInclude Include="wow64ext.h">
      <Filter>Headerdateien</Filter>
    </ClInclude>
    <ClInclude Include="wow64int.h">
      <Filter>Headerdateien</Filter>
    </ClInclude>
    <ClInclude Include="wow64inj.h">
      <Filter>Headerdateien</Filter>
    </ClInclude>
    <ClInclude Include="detour.h">
      <Filter>Headerdateien</Filter>
    </ClInclude>
    <ClInclude Include="consbmp.h">
      <Filter>Headerdateien</Filter>
    </ClInclude>
    <ClInclude Include="reg.h">
      <Filter>Headerdateien</Filter>
    </ClInclude>
    <ClInclude Include="newexe.h">
      <Filter>Headerdateien</Filter>
    </ClInclude>
    <ClInclude Include="extract.h">
      <Filter>Headerdateien</Filter>
    </ClInclude>
    <ClInclude Include="newres.h">
      <Filter>Headerdateien</Filter>
    </ClInclude>
    <ClInclude Include="consbmpbug.h">
      <Filter>Headerdateien</Filter>
    </ClInclude>
    <ClInclude Include="conspal.h">
      <Filter>Headerdateien</Filter>
    </ClInclude>
    <ClInclude Include="symcache.h">
      <Filter>Headerdateien</Filter>
    </ClInclude>
    <ClInclude Include="winevent.h">
      <Filter>Headerdateien</Filter>
    </ClInclude>
    <ClInclude Include="extracticon.h">
      <Filter>Headerdateien</Filter>
    </ClInclude>
    <ClInclude Include="conhostproc.h">
      <Filter>Headerdateien</Filter>
    </ClInclude>
    <ClInclude Include="xpwrap.h">
      <Filter>Headerdateien</Filter>
    </ClInclude>
    <ClInclude Include="xpcreateproc.h">
      <Filter>Headerdateien</Filter>
    </ClInclude>
    <ClInclude Include="createproc.h">
      <Filter>Headerdateien</Filter>
    </ClInclude>
    <ClInclude Include="ntrtl.h">
      <Filter>Headerdateien</Filter>
    </ClInclude>
    <ClInclude Include="ntregapi.h">
      <Filter>Headerdateien</Filter>
    </ClInclude>
    <ClInclude Include="ntmmapi.h">
      <Filter>Headerdateien</Filter>
    </ClInclude>
    <ClInclude Include="ntpsapi.h">
      <Filter>Headerdateien</Filter>
    </ClInclude>
    <ClInclude Include="x64typespush.h">
      <Filter>Headerdateien</Filter>
    </ClInclude>
    <ClInclude Include="conmsg64.h">
      <Filter>Headerdateien</Filter>
    </ClInclude>
    <ClInclude Include="x64typespop.h">
      <Filter>Headerdateien</Filter>
    </ClInclude>
  </ItemGroup>
</Project>