
Microsoft Visual Studio Solution File, Format Version 12.00
# Visual Studio Express 14 for Windows Desktop
VisualStudioVersion = 14.0.24720.0
MinimumVisualStudioVersion = 10.0.40219.1
Project("{8BC9CEB8-8B4A-11D0-8D11-00A0C91BC942}") = "ldntvdm", "ldntvdm\ldntvdm.vcxproj", "{29E15584-B6B2-4825-A5B2-9298B9A47A17}"
EndProject
Project("{8BC9CEB8-8B4A-11D0-8D11-00A0C91BC942}") = "codegen", "codegen\codegen.vcxproj", "{71F38899-5504-4823-A1CA-29F664D552D8}"
EndProject
Global
	GlobalSection(SolutionConfigurationPlatforms) = preSolution
		Debug|x64 = Debug|x64
		Debug|x86 = Debug|x86
		Release|x64 = Release|x64
		Release|x86 = Release|x86
		Release-Win11|x64 = Release-Win11|x64
		Release-Win11|x86 = Release-Win11|x86
		Release-Win7|x64 = Release-Win7|x64
		Release-Win7|x86 = Release-Win7|x86
		Release-Win8.0|x64 = Release-Win8.0|x64
		Release-Win8.0|x86 = Release-Win8.0|x86
		Release-WinXP|x64 = Release-WinXP|x64
		Release-WinXP|x86 = Release-WinXP|x86
	EndGlobalSection
	GlobalSection(ProjectConfigurationPlatforms) = postSolution
		{29E15584-B6B2-4825-A5B2-9298B9A47A17}.Debug|x64.ActiveCfg = Debug|Win32
		{29E15584-B6B2-4825-A5B2-9298B9A47A17}.Debug|x64.Build.0 = Debug|Win32
		{29E15584-B6B2-4825-A5B2-9298B9A47A17}.Debug|x86.ActiveCfg = Debug|Win32
		{29E15584-B6B2-4825-A5B2-9298B9A47A17}.Debug|x86.Build.0 = Debug|Win32
		{29E15584-B6B2-4825-A5B2-9298B9A47A17}.Release|x64.ActiveCfg = Release|x64
		{29E15584-B6B2-4825-A5B2-9298B9A47A17}.Release|x64.Build.0 = Release|x64
		{29E15584-B6B2-4825-A5B2-9298B9A47A17}.Release|x86.ActiveCfg = Release|Win32
		{29E15584-B6B2-4825-A5B2-9298B9A47A17}.Release|x86.Build.0 = Release|Win32
		{29E15584-B6B2-4825-A5B2-9298B9A47A17}.Release-Win11|x64.ActiveCfg = Release-Win11|x64
		{29E15584-B6B2-4825-A5B2-9298B9A47A17}.Release-Win11|x64.Build.0 = Release-Win11|x64
		{29E15584-B6B2-4825-A5B2-9298B9A47A17}.Release-Win11|x86.ActiveCfg = Release-Win11|Win32
		{29E15584-B6B2-4825-A5B2-9298B9A47A17}.Release-Win11|x86.Build.0 = Release-Win11|Win32
		{29E15584-B6B2-4825-A5B2-9298B9A47A17}.Release-Win7|x64.ActiveCfg = Release-Win7|x64
		{29E15584-B6B2-4825-A5B2-9298B9A47A17}.Release-Win7|x64.Build.0 = Release-Win7|x64
		{29E15584-B6B2-4825-A5B2-9298B9A47A17}.Release-Win7|x86.ActiveCfg = Release-Win7|Win32
		{29E15584-B6B2-4825-A5B2-9298B9A47A17}.Release-Win7|x86.Build.0 = Release-Win7|Win32
		{29E15584-B6B2-4825-A5B2-9298B9A47A17}.Release-Win8.0|x64.ActiveCfg = Release-Win8.0|x64
		{29E15584-B6B2-4825-A5B2-9298B9A47A17}.Release-Win8.0|x64.Build.0 = Release-Win8.0|x64
		{29E15584-B6B2-4825-A5B2-9298B9A47A17}.Release-Win8.0|x86.ActiveCfg = Release-Win8.0|Win32
		{29E15584-B6B2-4825-A5B2-9298B9A47A17}.Release-Win8.0|x86.Build.0 = Release-Win8.0|Win32
		{29E15584-B6B2-4825-A5B2-9298B9A47A17}.Release-WinXP|x64.ActiveCfg = Release-WinXP|x64
		{29E15584-B6B2-4825-A5B2-9298B9A47A17}.Release-WinXP|x64.Build.0 = Release-WinXP|x64
		{29E15584-B6B2-4825-A5B2-9298B9A47A17}.Release-WinXP|x86.ActiveCfg = Release-WinXP|Win32
		{29E15584-B6B2-4825-A5B2-9298B9A47A17}.Release-WinXP|x86.Build.0 = Release-WinXP|Win32
		{71F38899-5504-4823-A1CA-29F664D552D8}.Debug|x64.ActiveCfg = Debug|x64
		{71F38899-5504-4823-A1CA-29F664D552D8}.Debug|x64.Build.0 = Debug|x64
		{71F38899-5504-4823-A1CA-29F664D552D8}.Debug|x86.ActiveCfg = Debug|Win32
		{71F38899-5504-4823-A1CA-29F664D552D8}.Debug|x86.Build.0 = Debug|Win32
		{71F38899-5504-4823-A1CA-29F664D552D8}.Release|x64.ActiveCfg = Release|x64
		{71F38899-5504-4823-A1CA-29F664D552D8}.Release|x64.Build.0 = Release|x64
		{71F38899-5504-4823-A1CA-29F664D552D8}.Release|x86.ActiveCfg = Release|Win32
		{71F38899-5504-4823-A1CA-29F664D552D8}.Release|x86.Build.0 = Release|Win32
		{71F38899-5504-4823-A1CA-29F664D552D8}.Release-Win11|x64.ActiveCfg = Release|x64
		{71F38899-5504-4823-A1CA-29F664D552D8}.Release-Win11|x64.Build.0 = Release|x64
		{71F38899-5504-4823-A1CA-29F664D552D8}.Release-Win11|x86.ActiveCfg = Release|Win32
		{71F38899-5504-4823-A1CA-29F664D552D8}.Release-Win11|x86.Build.0 = Release|Win32
		{71F38899-5504-4823-A1CA-29F664D552D8}.Release-Win7|x64.ActiveCfg = Release|x64
		{71F38899-5504-4823-A1CA-29F664D552D8}.Release-Win7|x64.Build.0 = Release|x64
		{71F38899-5504-4823-A1CA-29F664D552D8}.Release-Win7|x86.ActiveCfg = Release|Win32
		{71F38899-5504-4823-A1CA-29F664D552D8}.Release-Win7|x86.Build.0 = Release|Win32
		{71F38899-5504-4823-A1CA-29F664D552D8}.Release-Win8.0|x64.ActiveCfg = Release|x64
		{71F38899-5504-4823-A1CA-29F664D552D8}.Release-Win8.0|x64.Build.0 = Release|x64
		{71F38899-5504-4823-A1CA-29F664D552D8}.Release-Win8.0|x86.ActiveCfg = Release|Win32
		{71F38899-5504-4823-A1CA-29F664D552D8}.Release-Win8.0|x86.Build.0 = Release|Win32
		{71F38899-5504-4823-A1CA-29F664D552D8}.Release-WinXP|x64.ActiveCfg = Release|x64
		{71F38899-5504-4823-A1CA-29F664D552D8}.Release-WinXP|x64.Build.0 = Release|x64
		{71F38899-5504-4823-A1CA-29F664D552D8}.Release-WinXP|x86.ActiveCfg = Release|Win32
		{71F38899-5504-4823-A1CA-29F664D552D8}.Release-WinXP|x86.Build.0 = Release|Win32
	EndGlobalSection
	GlobalSection(SolutionProperties) = preSolution
		HideSolutionNode = FALSE
	EndGlobalSection
EndGlobal
